// !$*UTF8*$!
{
	archiveVersion = 1;
	classes = {
	};
	objectVersion = 48;
	objects = {

/* Begin PBXBuildFile section */
		38577C047047A75DCECD81C9 /* Pods_Pussywalk.framework in Frameworks */ = {isa = PBXBuildFile; fileRef = 23FBB2B774E76431D902A58B /* Pods_Pussywalk.framework */; };
		95328E821FD6EBD0004319DF /* AppDelegate.swift in Sources */ = {isa = PBXBuildFile; fileRef = 95328E811FD6EBD0004319DF /* AppDelegate.swift */; };
		95328E841FD6EBD0004319DF /* ViewController.swift in Sources */ = {isa = PBXBuildFile; fileRef = 95328E831FD6EBD0004319DF /* ViewController.swift */; };
		95328E871FD6EBD0004319DF /* Main.storyboard in Resources */ = {isa = PBXBuildFile; fileRef = 95328E851FD6EBD0004319DF /* Main.storyboard */; };
		95328E891FD6EBD0004319DF /* Assets.xcassets in Resources */ = {isa = PBXBuildFile; fileRef = 95328E881FD6EBD0004319DF /* Assets.xcassets */; };
		95328E8C1FD6EBD0004319DF /* LaunchScreen.storyboard in Resources */ = {isa = PBXBuildFile; fileRef = 95328E8A1FD6EBD0004319DF /* LaunchScreen.storyboard */; };
		95573FC11FD6EFEF00A97946 /* build in Resources */ = {isa = PBXBuildFile; fileRef = 95573FC01FD6EFEF00A97946 /* build */; };
/* End PBXBuildFile section */

/* Begin PBXFileReference section */
		23FBB2B774E76431D902A58B /* Pods_Pussywalk.framework */ = {isa = PBXFileReference; explicitFileType = wrapper.framework; includeInIndex = 0; path = Pods_Pussywalk.framework; sourceTree = BUILT_PRODUCTS_DIR; };
		33FBE5278D29E12BF49A14A4 /* Pods-Pussywalk.release.xcconfig */ = {isa = PBXFileReference; includeInIndex = 1; lastKnownFileType = text.xcconfig; name = "Pods-Pussywalk.release.xcconfig"; path = "Pods/Target Support Files/Pods-Pussywalk/Pods-Pussywalk.release.xcconfig"; sourceTree = "<group>"; };
		36502F74EECB0D11BDB26300 /* Pods-Pussywalk.debug.xcconfig */ = {isa = PBXFileReference; includeInIndex = 1; lastKnownFileType = text.xcconfig; name = "Pods-Pussywalk.debug.xcconfig"; path = "Pods/Target Support Files/Pods-Pussywalk/Pods-Pussywalk.debug.xcconfig"; sourceTree = "<group>"; };
		95328E7E1FD6EBD0004319DF /* Pussywalk.app */ = {isa = PBXFileReference; explicitFileType = wrapper.application; includeInIndex = 0; path = Pussywalk.app; sourceTree = BUILT_PRODUCTS_DIR; };
		95328E811FD6EBD0004319DF /* AppDelegate.swift */ = {isa = PBXFileReference; lastKnownFileType = sourcecode.swift; path = AppDelegate.swift; sourceTree = "<group>"; };
		95328E831FD6EBD0004319DF /* ViewController.swift */ = {isa = PBXFileReference; lastKnownFileType = sourcecode.swift; path = ViewController.swift; sourceTree = "<group>"; };
		95328E861FD6EBD0004319DF /* Base */ = {isa = PBXFileReference; lastKnownFileType = file.storyboard; name = Base; path = Base.lproj/Main.storyboard; sourceTree = "<group>"; };
		95328E881FD6EBD0004319DF /* Assets.xcassets */ = {isa = PBXFileReference; lastKnownFileType = folder.assetcatalog; path = Assets.xcassets; sourceTree = "<group>"; };
		95328E8B1FD6EBD0004319DF /* Base */ = {isa = PBXFileReference; lastKnownFileType = file.storyboard; name = Base; path = Base.lproj/LaunchScreen.storyboard; sourceTree = "<group>"; };
		95328E8D1FD6EBD0004319DF /* Info.plist */ = {isa = PBXFileReference; lastKnownFileType = text.plist.xml; path = Info.plist; sourceTree = "<group>"; };
		95573FC01FD6EFEF00A97946 /* build */ = {isa = PBXFileReference; lastKnownFileType = folder; name = build; path = ../../build; sourceTree = "<group>"; };
/* End PBXFileReference section */

/* Begin PBXFrameworksBuildPhase section */
		95328E7B1FD6EBD0004319DF /* Frameworks */ = {
			isa = PBXFrameworksBuildPhase;
			buildActionMask = 2147483647;
			files = (
				38577C047047A75DCECD81C9 /* Pods_Pussywalk.framework in Frameworks */,
			);
			runOnlyForDeploymentPostprocessing = 0;
		};
/* End PBXFrameworksBuildPhase section */

/* Begin PBXGroup section */
		101E08B95223FD120E2B352F /* Frameworks */ = {
			isa = PBXGroup;
			children = (
				23FBB2B774E76431D902A58B /* Pods_Pussywalk.framework */,
			);
			name = Frameworks;
			sourceTree = "<group>";
		};
		95328E751FD6EBD0004319DF = {
			isa = PBXGroup;
			children = (
				95573FC01FD6EFEF00A97946 /* build */,
				95573F6E1FD6EF8700A97946 /* Assets */,
				95328E801FD6EBD0004319DF /* Pussywalk */,
				95328E7F1FD6EBD0004319DF /* Products */,
				EA0261528D349C0CD1F63103 /* Pods */,
				101E08B95223FD120E2B352F /* Frameworks */,
			);
			sourceTree = "<group>";
		};
		95328E7F1FD6EBD0004319DF /* Products */ = {
			isa = PBXGroup;
			children = (
				95328E7E1FD6EBD0004319DF /* Pussywalk.app */,
			);
			name = Products;
			sourceTree = "<group>";
		};
		95328E801FD6EBD0004319DF /* Pussywalk */ = {
			isa = PBXGroup;
			children = (
				95328E811FD6EBD0004319DF /* AppDelegate.swift */,
				95328E831FD6EBD0004319DF /* ViewController.swift */,
				95328E851FD6EBD0004319DF /* Main.storyboard */,
				95328E881FD6EBD0004319DF /* Assets.xcassets */,
				95328E8A1FD6EBD0004319DF /* LaunchScreen.storyboard */,
				95328E8D1FD6EBD0004319DF /* Info.plist */,
			);
			path = Pussywalk;
			sourceTree = "<group>";
		};
		95573F6E1FD6EF8700A97946 /* Assets */ = {
			isa = PBXGroup;
			children = (
			);
			path = Assets;
			sourceTree = "<group>";
		};
		EA0261528D349C0CD1F63103 /* Pods */ = {
			isa = PBXGroup;
			children = (
				36502F74EECB0D11BDB26300 /* Pods-Pussywalk.debug.xcconfig */,
				33FBE5278D29E12BF49A14A4 /* Pods-Pussywalk.release.xcconfig */,
			);
			name = Pods;
			sourceTree = "<group>";
		};
/* End PBXGroup section */

/* Begin PBXNativeTarget section */
		95328E7D1FD6EBD0004319DF /* Pussywalk */ = {
			isa = PBXNativeTarget;
			buildConfigurationList = 95328E901FD6EBD0004319DF /* Build configuration list for PBXNativeTarget "Pussywalk" */;
			buildPhases = (
				5A91FB95087BCAA012AA0FEA /* [CP] Check Pods Manifest.lock */,
				95328E7A1FD6EBD0004319DF /* Sources */,
				95328E7B1FD6EBD0004319DF /* Frameworks */,
				95328E7C1FD6EBD0004319DF /* Resources */,
				1B585B9644BE60CD446DACC8 /* [CP] Embed Pods Frameworks */,
				CBF1FE42E13ABDE46C1F0059 /* [CP] Copy Pods Resources */,
			);
			buildRules = (
			);
			dependencies = (
			);
			name = Pussywalk;
			productName = Pussywalk;
			productReference = 95328E7E1FD6EBD0004319DF /* Pussywalk.app */;
			productType = "com.apple.product-type.application";
		};
/* End PBXNativeTarget section */

/* Begin PBXProject section */
		95328E761FD6EBD0004319DF /* Project object */ = {
			isa = PBXProject;
			attributes = {
				LastSwiftUpdateCheck = 0920;
				LastUpgradeCheck = 0920;
				ORGANIZATIONNAME = Pussywalk;
				TargetAttributes = {
					95328E7D1FD6EBD0004319DF = {
						CreatedOnToolsVersion = 9.2;
						ProvisioningStyle = Automatic;
					};
				};
			};
			buildConfigurationList = 95328E791FD6EBD0004319DF /* Build configuration list for PBXProject "Pussywalk" */;
			compatibilityVersion = "Xcode 8.0";
			developmentRegion = en;
			hasScannedForEncodings = 0;
			knownRegions = (
				en,
				Base,
			);
			mainGroup = 95328E751FD6EBD0004319DF;
			productRefGroup = 95328E7F1FD6EBD0004319DF /* Products */;
			projectDirPath = "";
			projectRoot = "";
			targets = (
				95328E7D1FD6EBD0004319DF /* Pussywalk */,
			);
		};
/* End PBXProject section */

/* Begin PBXResourcesBuildPhase section */
		95328E7C1FD6EBD0004319DF /* Resources */ = {
			isa = PBXResourcesBuildPhase;
			buildActionMask = 2147483647;
			files = (
				95328E8C1FD6EBD0004319DF /* LaunchScreen.storyboard in Resources */,
				95573FC11FD6EFEF00A97946 /* build in Resources */,
				95328E891FD6EBD0004319DF /* Assets.xcassets in Resources */,
				95328E871FD6EBD0004319DF /* Main.storyboard in Resources */,
			);
			runOnlyForDeploymentPostprocessing = 0;
		};
/* End PBXResourcesBuildPhase section */

/* Begin PBXShellScriptBuildPhase section */
		1B585B9644BE60CD446DACC8 /* [CP] Embed Pods Frameworks */ = {
			isa = PBXShellScriptBuildPhase;
			buildActionMask = 2147483647;
			files = (
			);
			inputPaths = (
				"${SRCROOT}/Pods/Target Support Files/Pods-Pussywalk/Pods-Pussywalk-frameworks.sh",
				"${BUILT_PRODUCTS_DIR}/GCDWebServer/GCDWebServer.framework",
			);
			name = "[CP] Embed Pods Frameworks";
			outputPaths = (
				"${TARGET_BUILD_DIR}/${FRAMEWORKS_FOLDER_PATH}/GCDWebServer.framework",
			);
			runOnlyForDeploymentPostprocessing = 0;
			shellPath = /bin/sh;
			shellScript = "\"${SRCROOT}/Pods/Target Support Files/Pods-Pussywalk/Pods-Pussywalk-frameworks.sh\"\n";
			showEnvVarsInLog = 0;
		};
		5A91FB95087BCAA012AA0FEA /* [CP] Check Pods Manifest.lock */ = {
			isa = PBXShellScriptBuildPhase;
			buildActionMask = 2147483647;
			files = (
			);
			inputPaths = (
				"${PODS_PODFILE_DIR_PATH}/Podfile.lock",
				"${PODS_ROOT}/Manifest.lock",
			);
			name = "[CP] Check Pods Manifest.lock";
			outputPaths = (
				"$(DERIVED_FILE_DIR)/Pods-Pussywalk-checkManifestLockResult.txt",
			);
			runOnlyForDeploymentPostprocessing = 0;
			shellPath = /bin/sh;
			shellScript = "diff \"${PODS_PODFILE_DIR_PATH}/Podfile.lock\" \"${PODS_ROOT}/Manifest.lock\" > /dev/null\nif [ $? != 0 ] ; then\n    # print error to STDERR\n    echo \"error: The sandbox is not in sync with the Podfile.lock. Run 'pod install' or update your CocoaPods installation.\" >&2\n    exit 1\nfi\n# This output is used by Xcode 'outputs' to avoid re-running this script phase.\necho \"SUCCESS\" > \"${SCRIPT_OUTPUT_FILE_0}\"\n";
			showEnvVarsInLog = 0;
		};
		CBF1FE42E13ABDE46C1F0059 /* [CP] Copy Pods Resources */ = {
			isa = PBXShellScriptBuildPhase;
			buildActionMask = 2147483647;
			files = (
			);
			inputPaths = (
			);
			name = "[CP] Copy Pods Resources";
			outputPaths = (
			);
			runOnlyForDeploymentPostprocessing = 0;
			shellPath = /bin/sh;
			shellScript = "\"${SRCROOT}/Pods/Target Support Files/Pods-Pussywalk/Pods-Pussywalk-resources.sh\"\n";
			showEnvVarsInLog = 0;
		};
/* End PBXShellScriptBuildPhase section */

/* Begin PBXSourcesBuildPhase section */
		95328E7A1FD6EBD0004319DF /* Sources */ = {
			isa = PBXSourcesBuildPhase;
			buildActionMask = 2147483647;
			files = (
				95328E841FD6EBD0004319DF /* ViewController.swift in Sources */,
				95328E821FD6EBD0004319DF /* AppDelegate.swift in Sources */,
			);
			runOnlyForDeploymentPostprocessing = 0;
		};
/* End PBXSourcesBuildPhase section */

/* Begin PBXVariantGroup section */
		95328E851FD6EBD0004319DF /* Main.storyboard */ = {
			isa = PBXVariantGroup;
			children = (
				95328E861FD6EBD0004319DF /* Base */,
			);
			name = Main.storyboard;
			sourceTree = "<group>";
		};
		95328E8A1FD6EBD0004319DF /* LaunchScreen.storyboard */ = {
			isa = PBXVariantGroup;
			children = (
				95328E8B1FD6EBD0004319DF /* Base */,
			);
			name = LaunchScreen.storyboard;
			sourceTree = "<group>";
		};
/* End PBXVariantGroup section */

/* Begin XCBuildConfiguration section */
		95328E8E1FD6EBD0004319DF /* Debug */ = {
			isa = XCBuildConfiguration;
			buildSettings = {
				ALWAYS_SEARCH_USER_PATHS = NO;
				CLANG_ANALYZER_NONNULL = YES;
				CLANG_ANALYZER_NUMBER_OBJECT_CONVERSION = YES_AGGRESSIVE;
				CLANG_CXX_LANGUAGE_STANDARD = "gnu++14";
				CLANG_CXX_LIBRARY = "libc++";
				CLANG_ENABLE_MODULES = YES;
				CLANG_ENABLE_OBJC_ARC = YES;
				CLANG_WARN_BLOCK_CAPTURE_AUTORELEASING = YES;
				CLANG_WARN_BOOL_CONVERSION = YES;
				CLANG_WARN_COMMA = YES;
				CLANG_WARN_CONSTANT_CONVERSION = YES;
				CLANG_WARN_DIRECT_OBJC_ISA_USAGE = YES_ERROR;
				CLANG_WARN_DOCUMENTATION_COMMENTS = YES;
				CLANG_WARN_EMPTY_BODY = YES;
				CLANG_WARN_ENUM_CONVERSION = YES;
				CLANG_WARN_INFINITE_RECURSION = YES;
				CLANG_WARN_INT_CONVERSION = YES;
				CLANG_WARN_NON_LITERAL_NULL_CONVERSION = YES;
				CLANG_WARN_OBJC_LITERAL_CONVERSION = YES;
				CLANG_WARN_OBJC_ROOT_CLASS = YES_ERROR;
				CLANG_WARN_RANGE_LOOP_ANALYSIS = YES;
				CLANG_WARN_STRICT_PROTOTYPES = YES;
				CLANG_WARN_SUSPICIOUS_MOVE = YES;
				CLANG_WARN_UNGUARDED_AVAILABILITY = YES_AGGRESSIVE;
				CLANG_WARN_UNREACHABLE_CODE = YES;
				CLANG_WARN__DUPLICATE_METHOD_MATCH = YES;
				CODE_SIGN_IDENTITY = "iPhone Developer";
				COPY_PHASE_STRIP = NO;
				DEBUG_INFORMATION_FORMAT = dwarf;
				ENABLE_STRICT_OBJC_MSGSEND = YES;
				ENABLE_TESTABILITY = YES;
				GCC_C_LANGUAGE_STANDARD = gnu11;
				GCC_DYNAMIC_NO_PIC = NO;
				GCC_NO_COMMON_BLOCKS = YES;
				GCC_OPTIMIZATION_LEVEL = 0;
				GCC_PREPROCESSOR_DEFINITIONS = (
					"DEBUG=1",
					"$(inherited)",
				);
				GCC_WARN_64_TO_32_BIT_CONVERSION = YES;
				GCC_WARN_ABOUT_RETURN_TYPE = YES_ERROR;
				GCC_WARN_UNDECLARED_SELECTOR = YES;
				GCC_WARN_UNINITIALIZED_AUTOS = YES_AGGRESSIVE;
				GCC_WARN_UNUSED_FUNCTION = YES;
				GCC_WARN_UNUSED_VARIABLE = YES;
				IPHONEOS_DEPLOYMENT_TARGET = 11.2;
				MTL_ENABLE_DEBUG_INFO = YES;
				ONLY_ACTIVE_ARCH = YES;
				SDKROOT = iphoneos;
				SWIFT_ACTIVE_COMPILATION_CONDITIONS = DEBUG;
				SWIFT_OPTIMIZATION_LEVEL = "-Onone";
			};
			name = Debug;
		};
		95328E8F1FD6EBD0004319DF /* Release */ = {
			isa = XCBuildConfiguration;
			buildSettings = {
				ALWAYS_SEARCH_USER_PATHS = NO;
				CLANG_ANALYZER_NONNULL = YES;
				CLANG_ANALYZER_NUMBER_OBJECT_CONVERSION = YES_AGGRESSIVE;
				CLANG_CXX_LANGUAGE_STANDARD = "gnu++14";
				CLANG_CXX_LIBRARY = "libc++";
				CLANG_ENABLE_MODULES = YES;
				CLANG_ENABLE_OBJC_ARC = YES;
				CLANG_WARN_BLOCK_CAPTURE_AUTORELEASING = YES;
				CLANG_WARN_BOOL_CONVERSION = YES;
				CLANG_WARN_COMMA = YES;
				CLANG_WARN_CONSTANT_CONVERSION = YES;
				CLANG_WARN_DIRECT_OBJC_ISA_USAGE = YES_ERROR;
				CLANG_WARN_DOCUMENTATION_COMMENTS = YES;
				CLANG_WARN_EMPTY_BODY = YES;
				CLANG_WARN_ENUM_CONVERSION = YES;
				CLANG_WARN_INFINITE_RECURSION = YES;
				CLANG_WARN_INT_CONVERSION = YES;
				CLANG_WARN_NON_LITERAL_NULL_CONVERSION = YES;
				CLANG_WARN_OBJC_LITERAL_CONVERSION = YES;
				CLANG_WARN_OBJC_ROOT_CLASS = YES_ERROR;
				CLANG_WARN_RANGE_LOOP_ANALYSIS = YES;
				CLANG_WARN_STRICT_PROTOTYPES = YES;
				CLANG_WARN_SUSPICIOUS_MOVE = YES;
				CLANG_WARN_UNGUARDED_AVAILABILITY = YES_AGGRESSIVE;
				CLANG_WARN_UNREACHABLE_CODE = YES;
				CLANG_WARN__DUPLICATE_METHOD_MATCH = YES;
				CODE_SIGN_IDENTITY = "iPhone Developer";
				COPY_PHASE_STRIP = NO;
				DEBUG_INFORMATION_FORMAT = "dwarf-with-dsym";
				ENABLE_NS_ASSERTIONS = NO;
				ENABLE_STRICT_OBJC_MSGSEND = YES;
				GCC_C_LANGUAGE_STANDARD = gnu11;
				GCC_NO_COMMON_BLOCKS = YES;
				GCC_WARN_64_TO_32_BIT_CONVERSION = YES;
				GCC_WARN_ABOUT_RETURN_TYPE = YES_ERROR;
				GCC_WARN_UNDECLARED_SELECTOR = YES;
				GCC_WARN_UNINITIALIZED_AUTOS = YES_AGGRESSIVE;
				GCC_WARN_UNUSED_FUNCTION = YES;
				GCC_WARN_UNUSED_VARIABLE = YES;
				IPHONEOS_DEPLOYMENT_TARGET = 11.2;
				MTL_ENABLE_DEBUG_INFO = NO;
				SDKROOT = iphoneos;
				SWIFT_OPTIMIZATION_LEVEL = "-Owholemodule";
				VALIDATE_PRODUCT = YES;
			};
			name = Release;
		};
		95328E911FD6EBD0004319DF /* Debug */ = {
			isa = XCBuildConfiguration;
			baseConfigurationReference = 36502F74EECB0D11BDB26300 /* Pods-Pussywalk.debug.xcconfig */;
			buildSettings = {
				ASSETCATALOG_COMPILER_APPICON_NAME = AppIcon;
				CODE_SIGN_STYLE = Automatic;
				DEVELOPMENT_TEAM = 85C4EXDAKB;
				INFOPLIST_FILE = Pussywalk/Info.plist;
				IPHONEOS_DEPLOYMENT_TARGET = 10.0;
				LD_RUNPATH_SEARCH_PATHS = "$(inherited) @executable_path/Frameworks";
				PRODUCT_BUNDLE_IDENTIFIER = com.pussywalk.game.Pussywalk;
				PRODUCT_NAME = "$(TARGET_NAME)";
				SWIFT_VERSION = 4.0;
				TARGETED_DEVICE_FAMILY = "1,2";
			};
			name = Debug;
		};
		95328E921FD6EBD0004319DF /* Release */ = {
			isa = XCBuildConfiguration;
			baseConfigurationReference = 33FBE5278D29E12BF49A14A4 /* Pods-Pussywalk.release.xcconfig */;
			buildSettings = {
				ASSETCATALOG_COMPILER_APPICON_NAME = AppIcon;
				CODE_SIGN_STYLE = Automatic;
				DEVELOPMENT_TEAM = 85C4EXDAKB;
				INFOPLIST_FILE = Pussywalk/Info.plist;
				IPHONEOS_DEPLOYMENT_TARGET = 10.0;
				LD_RUNPATH_SEARCH_PATHS = "$(inherited) @executable_path/Frameworks";
				PRODUCT_BUNDLE_IDENTIFIER = com.pussywalk.game.Pussywalk;
				PRODUCT_NAME = "$(TARGET_NAME)";
				SWIFT_VERSION = 4.0;
				TARGETED_DEVICE_FAMILY = "1,2";
			};
			name = Release;
		};
/* End XCBuildConfiguration section */

/* Begin XCConfigurationList section */
		95328E791FD6EBD0004319DF /* Build configuration list for PBXProject "Pussywalk" */ = {
			isa = XCConfigurationList;
			buildConfigurations = (
				95328E8E1FD6EBD0004319DF /* Debug */,
				95328E8F1FD6EBD0004319DF /* Release */,
			);
			defaultConfigurationIsVisible = 0;
			defaultConfigurationName = Release;
		};
		95328E901FD6EBD0004319DF /* Build configuration list for PBXNativeTarget "Pussywalk" */ = {
			isa = XCConfigurationList;
			buildConfigurations = (
				95328E911FD6EBD0004319DF /* Debug */,
				95328E921FD6EBD0004319DF /* Release */,
			);
			defaultConfigurationIsVisible = 0;
			defaultConfigurationName = Release;
		};
/* End XCConfigurationList section */
	};
	rootObject = 95328E761FD6EBD0004319DF /* Project object */;
}
